
Microsoft Visual Studio Solution File, Format Version 12.00
# Visual Studio Version 16
VisualStudioVersion = 16.0.32002.261
MinimumVisualStudioVersion = 10.0.40219.1
Project("{FAE04EC0-301F-11D3-BF4B-00C04F79EFBC}") = "SysBurger", "SysBurger\SysBurger.csproj", "{147A22CE-0DA5-4F14-BE34-3A6B396D9934}"
EndProject
Global
	GlobalSection(SolutionConfigurationPlatforms) = preSolution
		Debug|Any CPU = Debug|Any CPU
		Release|Any CPU = Release|Any CPU
	EndGlobalSection
	GlobalSection(ProjectConfigurationPlatforms) = postSolution
		{147A22CE-0DA5-4F14-BE34-3A6B396D9934}.Debug|Any CPU.ActiveCfg = Debug|Any CPU
		{147A22CE-0DA5-4F14-BE34-3A6B396D9934}.Debug|Any CPU.Build.0 = Debug|Any CPU
		{147A22CE-0DA5-4F14-BE34-3A6B396D9934}.Release|Any CPU.ActiveCfg = Release|Any CPU
		{147A22CE-0DA5-4F14-BE34-3A6B396D9934}.Release|Any CPU.Build.0 = Release|Any CPU
	EndGlobalSection
	GlobalSection(SolutionProperties) = preSolution
		HideSolutionNode = FALSE
	EndGlobalSection
	GlobalSection(ExtensibilityGlobals) = postSolution
		SolutionGuid = {7D097685-3A8B-4722-B11D-EAD5B55DF71E}
	EndGlobalSection
EndGlobal
